<?xml version="1.0" encoding="utf-8"?>
<Project ToolsVersion="4.0" xmlns="http://schemas.microsoft.com/developer/msbuild/2003">
  <ItemGroup>
    <Filter Include="ヘッダー ファイル">
      <UniqueIdentifier>{93995380-89BD-4b04-88EB-625FBE52EBFB}</UniqueIdentifier>
      <Extensions>h;hh;hpp;hxx;h++;hm;inl;inc;ipp;xsd</Extensions>
    </Filter>
    <Filter Include="リソース ファイル">
      <UniqueIdentifier>{67DA6AB6-F800-4c08-8B7A-83BB121AAD01}</UniqueIdentifier>
      <Extensions>rc;ico;cur;bmp;dlg;rc2;rct;bin;rgs;gif;jpg;jpeg;jpe;resx;tiff;tif;png;wav;mfcribbon-ms</Extensions>
    </Filter>
    <Filter Include="ゲームデータ">
      <UniqueIdentifier>{642480ca-3820-4287-9723-f5b5bb6fa6dc}</UniqueIdentifier>
    </Filter>
    <Filter Include="メニュー">
      <UniqueIdentifier>{f6c8f3a7-6a50-48d2-adf2-f90961fae760}</UniqueIdentifier>
    </Filter>
    <Filter Include="ウィンドウ">
      <UniqueIdentifier>{f00df496-a6c6-4198-98e1-4ecb4b9d2538}</UniqueIdentifier>
    </Filter>
    <Filter Include="フォント">
      <UniqueIdentifier>{1032e2df-9db4-4337-89ff-0cef9aa557ef}</UniqueIdentifier>
    </Filter>
    <Filter Include="エキスポート関数">
      <UniqueIdentifier>{be8debf3-b6a4-4e91-9f5a-79a8413b67fb}</UniqueIdentifier>
    </Filter>
    <Filter Include="モジュール定義">
      <UniqueIdentifier>{4FC737F1-C7A5-4376-A066-2A32D752A2FF}</UniqueIdentifier>
      <Extensions>cpp;c;cc;cxx;c++;cppm;ixx;def;odl;idl;hpj;bat;asm;asmx</Extensions>
    </Filter>
    <Filter Include="プロセス">
      <UniqueIdentifier>{dc77d025-0a59-4d9b-91bc-95ac69ef75bb}</UniqueIdentifier>
    </Filter>
    <Filter Include="Onゲームイベント">
      <UniqueIdentifier>{7abd5f9c-161f-49fd-afce-f52023ba6196}</UniqueIdentifier>
    </Filter>
    <Filter Include="鬼車">
      <UniqueIdentifier>{a6c4e4cd-9f7c-4336-a124-7fb695acb7a6}</UniqueIdentifier>
    </Filter>
    <Filter Include="アルベド">
      <UniqueIdentifier>{7dbde52b-bacc-490b-89f4-a905490284fd}</UniqueIdentifier>
    </Filter>
    <Filter Include="Onセリフ">
      <UniqueIdentifier>{dd8a8d80-5da4-4c3a-9c68-95230d130e84}</UniqueIdentifier>
    </Filter>
    <Filter Include="ゲームデータ - ユニット情報">
      <UniqueIdentifier>{e72dd034-3cee-40a6-a1c4-5af3e82e6caf}</UniqueIdentifier>
    </Filter>
    <Filter Include="ゲームデータ - 家宝情報">
      <UniqueIdentifier>{157e01f6-6fa5-454a-9442-feb4d103b37e}</UniqueIdentifier>
    </Filter>
    <Filter Include="ゲームデータ - 官位情報">
      <UniqueIdentifier>{564f0039-ef4e-4b6b-bb6f-9bd89bab5815}</UniqueIdentifier>
    </Filter>
    <Filter Include="ゲームデータ - 城情報">
      <UniqueIdentifier>{345bef39-d12a-432b-98ab-740c97896ebf}</UniqueIdentifier>
    </Filter>
    <Filter Include="ゲームデータ - 大名情報">
      <UniqueIdentifier>{7a65dbc0-14bb-418a-a29b-a085708bddb0}</UniqueIdentifier>
    </Filter>
    <Filter Include="ゲームデータ - 武将情報">
      <UniqueIdentifier>{dd171165-7264-4b15-85d5-ab380fe64b65}</UniqueIdentifier>
    </Filter>
    <Filter Include="ゲームデータ - 役職情報">
      <UniqueIdentifier>{64497a27-ab8f-4b4b-8c05-a8b521ac8829}</UniqueIdentifier>
    </Filter>
    <Filter Include="ゲームデータ - ターン情報">
      <UniqueIdentifier>{3f66e7c7-89f3-40c6-a8b3-075c5b8ea1e5}</UniqueIdentifier>
    </Filter>
    <Filter Include="画面">
      <UniqueIdentifier>{b2eb3d96-d136-4df0-a4d5-ad7514d02090}</UniqueIdentifier>
    </Filter>
    <Filter Include="テスト">
      <UniqueIdentifier>{16b1ab7d-bfcf-45a9-9a78-87e39ea047a2}</UniqueIdentifier>
    </Filter>
    <Filter Include="フック関数置き換え系">
      <UniqueIdentifier>{30d39105-c302-426f-87f9-2bcbf409c244}</UniqueIdentifier>
    </Filter>
    <Filter Include="フック関数ダイレクト">
      <UniqueIdentifier>{036ca32a-9a48-41ad-bc6b-627233bf5629}</UniqueIdentifier>
    </Filter>
    <Filter Include="文字列変換">
      <UniqueIdentifier>{74158cc2-ecb8-49fc-a5d3-4b19f1f73310}</UniqueIdentifier>
    </Filter>
    <Filter Include="フォーム系Mod">
      <UniqueIdentifier>{9db79092-7022-462e-834e-9f18c8ca6688}</UniqueIdentifier>
    </Filter>
    <Filter Include="配列ポインタ">
      <UniqueIdentifier>{9a61ef47-fede-4f9f-a03c-e91ad3a728e2}</UniqueIdentifier>
    </Filter>
    <Filter Include="列伝 - 武将列伝">
      <UniqueIdentifier>{26d234c1-7745-476e-804c-bcc90e96803a}</UniqueIdentifier>
    </Filter>
    <Filter Include="列伝 - 家宝列伝">
      <UniqueIdentifier>{6bf2bd3a-5bc7-445f-bdfb-f30180e4ea7d}</UniqueIdentifier>
    </Filter>
    <Filter Include="ファイル">
      <UniqueIdentifier>{225e076a-a50f-4047-96b6-63f39cdef67d}</UniqueIdentifier>
    </Filter>
    <Filter Include="ムービー">
      <UniqueIdentifier>{ee07e381-d835-414a-90a3-205a00c8fb0c}</UniqueIdentifier>
    </Filter>
    <Filter Include="ＢＧＭ">
      <UniqueIdentifier>{fbf0d457-423a-4c13-ba35-d9137a0bfb5f}</UniqueIdentifier>
    </Filter>
    <Filter Include="デバッグ出力">
      <UniqueIdentifier>{175f9136-5599-4f41-900f-481d285712c5}</UniqueIdentifier>
    </Filter>
    <Filter Include="ゲームデータ - 野戦">
      <UniqueIdentifier>{def7fd94-3d83-4ec3-a13b-ea86e7d969bb}</UniqueIdentifier>
    </Filter>
    <Filter Include="セーブデータ">
      <UniqueIdentifier>{068a1f75-0364-4889-ba41-572b25970c51}</UniqueIdentifier>
    </Filter>
    <Filter Include="シナリオデータ">
      <UniqueIdentifier>{031e49fb-915a-4491-a98d-e70a79e0bca6}</UniqueIdentifier>
    </Filter>
    <Filter Include="画像表示">
      <UniqueIdentifier>{02cae30b-7f97-406e-bf94-dd7e43f5f680}</UniqueIdentifier>
    </Filter>
    <Filter Include="ゲームデータ - 籠城戦">
      <UniqueIdentifier>{ee8456f5-f425-4309-bcae-12b40c644de5}</UniqueIdentifier>
    </Filter>
    <Filter Include="メモリ書き込み監視">
      <UniqueIdentifier>{6eaacde4-c161-4a2d-af21-c467313b54b6}</UniqueIdentifier>
    </Filter>
    <Filter Include="外交">
      <UniqueIdentifier>{55b55c3b-f131-4a6e-9a0b-8a3b6242d503}</UniqueIdentifier>
    </Filter>
  </ItemGroup>
  <ItemGroup>
    <ClInclude Include="resource.h">
      <Filter>ヘッダー ファイル</Filter>
    </ClInclude>
    <ClInclude Include="data_bushou_struct.h">
      <Filter>ゲームデータ - 武将情報</Filter>
    </ClInclude>
    <ClInclude Include="data_game_struct.h">
      <Filter>ゲームデータ</Filter>
    </ClInclude>
    <ClInclude Include="game_menu.h">
      <Filter>メニュー</Filter>
    </ClInclude>
    <ClInclude Include="game_window.h">
      <Filter>ウィンドウ</Filter>
    </ClInclude>
    <ClInclude Include="game_font.h">
      <Filter>フォント</Filter>
    </ClInclude>
    <ClInclude Include="game_process.h">
      <Filter>プロセス</Filter>
    </ClInclude>
    <ClInclude Include="hook_functions_replace.h">
      <Filter>フック関数置き換え系</Filter>
    </ClInclude>
    <ClInclude Include="on_event.h">
      <Filter>Onゲームイベント</Filter>
    </ClInclude>
    <ClInclude Include="..\oniguruma\oniguruma.h">
      <Filter>鬼車</Filter>
    </ClInclude>
    <ClInclude Include="onigwrap.h">
      <Filter>鬼車</Filter>
    </ClInclude>
    <ClInclude Include="output_debug_stream.h">
      <Filter>デバッグ出力</Filter>
    </ClInclude>
    <ClInclude Include="hook_textouta_custom.h">
      <Filter>フック関数置き換え系</Filter>
    </ClInclude>
    <ClInclude Include="bushou_albedo.h">
      <Filter>アルベド</Filter>
    </ClInclude>
    <ClInclude Include="data_kahou_struct.h">
      <Filter>ゲームデータ - 家宝情報</Filter>
    </ClInclude>
    <ClInclude Include="on_serihu_message.h">
      <Filter>Onセリフ</Filter>
    </ClInclude>
    <ClInclude Include="data_kanni_struct.h">
      <Filter>ゲームデータ - 官位情報</Filter>
    </ClInclude>
    <ClInclude Include="data_yakusyoku_struct.h">
      <Filter>ゲームデータ - 役職情報</Filter>
    </ClInclude>
    <ClInclude Include="data_turn_struct.h">
      <Filter>ゲームデータ - ターン情報</Filter>
    </ClInclude>
    <ClInclude Include="data_castle_struct.h">
      <Filter>ゲームデータ - 城情報</Filter>
    </ClInclude>
    <ClInclude Include="data_daimyo_struct.h">
      <Filter>ゲームデータ - 大名情報</Filter>
    </ClInclude>
    <ClInclude Include="data_unit_struct.h">
      <Filter>ゲームデータ - ユニット情報</Filter>
    </ClInclude>
    <ClInclude Include="game_screen.h">
      <Filter>画面</Filter>
    </ClInclude>
    <ClInclude Include="game_test.h">
      <Filter>テスト</Filter>
    </ClInclude>
    <ClInclude Include="hook_functions_direct.h">
      <Filter>フック関数ダイレクト</Filter>
    </ClInclude>
    <ClInclude Include="mng_家宝列挙.h">
      <Filter>ゲームデータ - 家宝情報</Filter>
    </ClInclude>
    <ClInclude Include="mng_武将列挙.h">
      <Filter>ゲームデータ - 武将情報</Filter>
    </ClInclude>
    <ClInclude Include="mng_ユニット情報.h">
      <Filter>ゲームデータ - ユニット情報</Filter>
    </ClInclude>
    <ClInclude Include="mng_家宝情報.h">
      <Filter>ゲームデータ - 家宝情報</Filter>
    </ClInclude>
    <ClInclude Include="mng_文字列変換.h">
      <Filter>文字列変換</Filter>
    </ClInclude>
    <ClInclude Include="load_form_mod.h">
      <Filter>フォーム系Mod</Filter>
    </ClInclude>
    <ClInclude Include="mng_フォント.h">
      <Filter>フォント</Filter>
    </ClInclude>
    <ClInclude Include="data_bushou_message.h">
      <Filter>Onセリフ</Filter>
    </ClInclude>
    <ClInclude Include="message_albedo.h">
      <Filter>アルベド</Filter>
    </ClInclude>
    <ClInclude Include="game_array.h">
      <Filter>配列ポインタ</Filter>
    </ClInclude>
    <ClInclude Include="data_turn_daimyo_struct.h">
      <Filter>ゲームデータ - ターン情報</Filter>
    </ClInclude>
    <ClInclude Include="data_turn_player_castle.h">
      <Filter>ゲームデータ - ターン情報</Filter>
    </ClInclude>
    <ClInclude Include="data_bushou_retsuden_struct.h">
      <Filter>列伝 - 武将列伝</Filter>
    </ClInclude>
    <ClInclude Include="mng_官位列挙.h">
      <Filter>ゲームデータ - 官位情報</Filter>
    </ClInclude>
    <ClInclude Include="mng_官位情報.h">
      <Filter>ゲームデータ - 官位情報</Filter>
    </ClInclude>
    <ClInclude Include="data_unknown_battle_turn.h">
      <Filter>ゲームデータ - ターン情報</Filter>
    </ClInclude>
    <ClInclude Include="file_attribute.h">
      <Filter>ファイル</Filter>
    </ClInclude>
    <ClInclude Include="mng_役職列挙.h">
      <Filter>ゲームデータ - 役職情報</Filter>
    </ClInclude>
    <ClInclude Include="mng_役職情報.h">
      <Filter>ゲームデータ - 役職情報</Filter>
    </ClInclude>
    <ClInclude Include="mng_ゲーム画面.h">
      <Filter>画面</Filter>
    </ClInclude>
    <ClInclude Include="mng_城列挙.h">
      <Filter>ゲームデータ - 城情報</Filter>
    </ClInclude>
    <ClInclude Include="data_yasen_battle_turn.h">
      <Filter>ゲームデータ - 野戦</Filter>
    </ClInclude>
    <ClInclude Include="data_yasen_butai_struct.h">
      <Filter>ゲームデータ - 野戦</Filter>
    </ClInclude>
    <ClInclude Include="on_load_scenariodata.h">
      <Filter>シナリオデータ</Filter>
    </ClInclude>
    <ClInclude Include="on_load_savedata.h">
      <Filter>セーブデータ</Filter>
    </ClInclude>
    <ClInclude Include="hook_castle_battle_turn.h">
      <Filter>ゲームデータ - 籠城戦</Filter>
    </ClInclude>
  </ItemGroup>
  <ItemGroup>
    <ClCompile Include="data_game_struct.cpp">
      <Filter>ゲームデータ</Filter>
    </ClCompile>
    <ClCompile Include="game_menu.cpp">
      <Filter>メニュー</Filter>
    </ClCompile>
    <ClCompile Include="game_window.cpp">
      <Filter>ウィンドウ</Filter>
    </ClCompile>
    <ClCompile Include="game_font.cpp">
      <Filter>フォント</Filter>
    </ClCompile>
    <ClCompile Include="export_func.cpp">
      <Filter>エキスポート関数</Filter>
    </ClCompile>
    <ClCompile Include="game_process.cpp">
      <Filter>プロセス</Filter>
    </ClCompile>
    <ClCompile Include="hook_functions_replace.cpp">
      <Filter>フック関数置き換え系</Filter>
    </ClCompile>
    <ClCompile Include="hook_defwindowproca_custom.cpp">
      <Filter>フック関数置き換え系</Filter>
    </ClCompile>
    <ClCompile Include="hook_textouta_custom.cpp">
      <Filter>フック関数置き換え系</Filter>
    </ClCompile>
    <ClCompile Include="hook_createfonta_custom.cpp">
      <Filter>フック関数置き換え系</Filter>
    </ClCompile>
    <ClCompile Include="hook_setmenu_custom.cpp">
      <Filter>フック関数置き換え系</Filter>
    </ClCompile>
    <ClCompile Include="on_event.cpp">
      <Filter>Onゲームイベント</Filter>
    </ClCompile>
    <ClCompile Include="hook_releasedc_custom.cpp">
      <Filter>フック関数置き換え系</Filter>
    </ClCompile>
    <ClCompile Include="onigwrap.cpp">
      <Filter>鬼車</Filter>
    </ClCompile>
    <ClCompile Include="output_debug_stream.cpp">
      <Filter>デバッグ出力</Filter>
    </ClCompile>
    <ClCompile Include="hook_enablemenuitem_custom.cpp">
      <Filter>フック関数置き換え系</Filter>
    </ClCompile>
    <ClCompile Include="bushou_albedo.cpp">
      <Filter>アルベド</Filter>
    </ClCompile>
    <ClCompile Include="data_castle_struct.cpp">
      <Filter>ゲームデータ - 城情報</Filter>
    </ClCompile>
    <ClCompile Include="data_kahou_struct.cpp">
      <Filter>ゲームデータ - 家宝情報</Filter>
    </ClCompile>
    <ClCompile Include="on_serihu_message.cpp">
      <Filter>Onセリフ</Filter>
    </ClCompile>
    <ClCompile Include="data_bushou_struct.cpp">
      <Filter>ゲームデータ - 武将情報</Filter>
    </ClCompile>
    <ClCompile Include="hook_bitblt_custom.cpp">
      <Filter>フック関数置き換え系</Filter>
    </ClCompile>
    <ClCompile Include="hook_createdibitmap_custom.cpp">
      <Filter>フック関数置き換え系</Filter>
    </ClCompile>
    <ClCompile Include="hook_createcompatibledc_custom.cpp">
      <Filter>フック関数置き換え系</Filter>
    </ClCompile>
    <ClCompile Include="hook_getdibits_custom.cpp">
      <Filter>フック関数置き換え系</Filter>
    </ClCompile>
    <ClCompile Include="data_kanni_struct.cpp">
      <Filter>ゲームデータ - 官位情報</Filter>
    </ClCompile>
    <ClCompile Include="data_yakusyoku_struct.cpp">
      <Filter>ゲームデータ - 役職情報</Filter>
    </ClCompile>
    <ClCompile Include="data_unit_struct.cpp">
      <Filter>ゲームデータ - ユニット情報</Filter>
    </ClCompile>
    <ClCompile Include="hook_isdebuggerpresent_custom.cpp">
      <Filter>フック関数置き換え系</Filter>
    </ClCompile>
    <ClCompile Include="game_screen.cpp">
      <Filter>画面</Filter>
    </ClCompile>
    <ClCompile Include="game_test.cpp">
      <Filter>テスト</Filter>
    </ClCompile>
    <ClCompile Include="hook_serihu_message.cpp">
      <Filter>Onセリフ</Filter>
    </ClCompile>
    <ClCompile Include="hook_functions_direct.cpp">
      <Filter>フック関数ダイレクト</Filter>
    </ClCompile>
    <ClCompile Include="data_daimyo_struct.cpp">
      <Filter>ゲームデータ - 大名情報</Filter>
    </ClCompile>
    <ClCompile Include="mng_家宝情報.cpp">
      <Filter>ゲームデータ - 家宝情報</Filter>
    </ClCompile>
    <ClCompile Include="mng_武将情報.cpp">
      <Filter>ゲームデータ - 武将情報</Filter>
    </ClCompile>
    <ClCompile Include="mng_文字列変換.cpp">
      <Filter>文字列変換</Filter>
    </ClCompile>
    <ClCompile Include="load_form_mod.cpp">
      <Filter>フォーム系Mod</Filter>
    </ClCompile>
    <ClCompile Include="mng_フォント.cpp">
      <Filter>フォント</Filter>
    </ClCompile>
    <ClCompile Include="data_bushou_message.cpp">
      <Filter>Onセリフ</Filter>
    </ClCompile>
    <ClCompile Include="message_albedo.cpp">
      <Filter>アルベド</Filter>
    </ClCompile>
    <ClCompile Include="data_turn_player_castle.cpp">
      <Filter>ゲームデータ - ターン情報</Filter>
    </ClCompile>
    <ClCompile Include="hook_unknown_dialog3.cpp">
      <Filter>列伝 - 武将列伝</Filter>
    </ClCompile>
    <ClCompile Include="hook_daimyo_turn.cpp">
      <Filter>ゲームデータ - ターン情報</Filter>
    </ClCompile>
    <ClCompile Include="data_turn_daimyo_struct.cpp">
      <Filter>ゲームデータ - ターン情報</Filter>
    </ClCompile>
    <ClCompile Include="hook_bushou_retsuden_init.cpp">
      <Filter>列伝 - 武将列伝</Filter>
    </ClCompile>
    <ClCompile Include="hook_unknown_dialog1.cpp">
      <Filter>列伝 - 武将列伝</Filter>
    </ClCompile>
    <ClCompile Include="hook_unknown_dialog2.cpp">
      <Filter>列伝 - 武将列伝</Filter>
    </ClCompile>
    <ClCompile Include="data_bushou_retsuden_struct.cpp">
      <Filter>列伝 - 武将列伝</Filter>
    </ClCompile>
    <ClCompile Include="data_kahou_retsuden_struct.cpp">
      <Filter>列伝 - 家宝列伝</Filter>
    </ClCompile>
    <ClCompile Include="bushou_retsuden_albedo.cpp">
      <Filter>アルベド</Filter>
    </ClCompile>
    <ClCompile Include="bushou_retsuden.cpp">
      <Filter>列伝 - 武将列伝</Filter>
    </ClCompile>
    <ClCompile Include="kahou_retsuden.cpp">
      <Filter>列伝 - 家宝列伝</Filter>
    </ClCompile>
    <ClCompile Include="kahou_retsuden_albedo.cpp">
      <Filter>アルベド</Filter>
    </ClCompile>
    <ClCompile Include="mng_官位情報.cpp">
      <Filter>ゲームデータ - 官位情報</Filter>
    </ClCompile>
    <ClCompile Include="hook_readfile_custom.cpp">
      <Filter>フック関数置き換え系</Filter>
    </ClCompile>
    <ClCompile Include="file_attribute.cpp">
      <Filter>ファイル</Filter>
    </ClCompile>
    <ClCompile Include="hook_movie_filename.cpp">
      <Filter>ムービー</Filter>
    </ClCompile>
    <ClCompile Include="hook_bgm_filename.cpp">
      <Filter>ＢＧＭ</Filter>
    </ClCompile>
    <ClCompile Include="hook_bgm2_filename.cpp">
      <Filter>ＢＧＭ</Filter>
    </ClCompile>
    <ClCompile Include="mng_役職情報.cpp">
      <Filter>ゲームデータ - 役職情報</Filter>
    </ClCompile>
    <ClCompile Include="hook_yasen_battle_turn.cpp">
      <Filter>ゲームデータ - 野戦</Filter>
    </ClCompile>
    <ClCompile Include="hook_yasen_battle_turn_both_bushou.cpp">
      <Filter>ゲームデータ - 野戦</Filter>
    </ClCompile>
    <ClCompile Include="hook_yasen_battle_turn_butai_of_1to5.cpp">
      <Filter>ゲームデータ - 野戦</Filter>
    </ClCompile>
    <ClCompile Include="hook_yasen_butai_info_update.cpp">
      <Filter>ゲームデータ - 野戦</Filter>
    </ClCompile>
    <ClCompile Include="hook_kahou_retsuden_show_end.cpp">
      <Filter>列伝 - 家宝列伝</Filter>
    </ClCompile>
    <ClCompile Include="hook_kahou_retsuden_shou_bgn.cpp">
      <Filter>列伝 - 家宝列伝</Filter>
    </ClCompile>
    <ClCompile Include="hook_setfilepointer_custom.cpp">
      <Filter>フック関数置き換え系</Filter>
    </ClCompile>
    <ClCompile Include="hook_cretefilea_custom.cpp">
      <Filter>フック関数置き換え系</Filter>
    </ClCompile>
    <ClCompile Include="hook_kahou_retsuden_show_pic.cpp">
      <Filter>列伝 - 家宝列伝</Filter>
    </ClCompile>
    <ClCompile Include="on_game_pic_show.cpp">
      <Filter>画像表示</Filter>
    </ClCompile>
    <ClCompile Include="hook_castle_battle_turn.cpp">
      <Filter>ゲームデータ - 籠城戦</Filter>
    </ClCompile>
    <ClCompile Include="watch_writememory.cpp">
      <Filter>メモリ書き込み監視</Filter>
    </ClCompile>
    <ClCompile Include="hook_castle_battle_turn_bgn.cpp">
      <Filter>ゲームデータ - 籠城戦</Filter>
    </ClCompile>
    <ClCompile Include="hook_castle_battle_turn_daimyo_a.cpp">
      <Filter>ゲームデータ - 籠城戦</Filter>
    </ClCompile>
    <ClCompile Include="hook_castle_battle_turn_daimyo_b.cpp">
      <Filter>ゲームデータ - 籠城戦</Filter>
    </ClCompile>
    <ClCompile Include="bgm_noloop_issue_patch.cpp">
      <Filter>ＢＧＭ</Filter>
    </ClCompile>
    <ClCompile Include="hook_bgm3_filename.cpp">
      <Filter>ＢＧＭ</Filter>
    </ClCompile>
    <ClCompile Include="hook_gaikou_comment.cpp">
      <Filter>外交</Filter>
    </ClCompile>
  </ItemGroup>
  <ItemGroup>
    <ResourceCompile Include="app.rc">
      <Filter>リソース ファイル</Filter>
    </ResourceCompile>
  </ItemGroup>
  <ItemGroup>
    <None Include="dllmain.def">
      <Filter>モジュール定義</Filter>
    </None>
    <None Include="data_kahou_retsuden_struct.h">
      <Filter>列伝 - 家宝列伝</Filter>
    </None>
  </ItemGroup>
  <ItemGroup>
    <Library Include="oniguruma.lib">
      <Filter>鬼車</Filter>
    </Library>
  </ItemGroup>
  <ItemGroup>
    <Text Include="bitmap描画でやっているであろう流れ.txt">
      <Filter>フック関数置き換え系</Filter>
    </Text>
  </ItemGroup>
</Project>