<?xml version="1.0" encoding="utf-8"?>
<Project ToolsVersion="4.0" xmlns="http://schemas.microsoft.com/developer/msbuild/2003">
  <ItemGroup>
    <Filter Include="ヘッダー ファイル">
      <UniqueIdentifier>{93995380-89BD-4b04-88EB-625FBE52EBFB}</UniqueIdentifier>
      <Extensions>h;hh;hpp;hxx;h++;hm;inl;inc;ipp;xsd</Extensions>
    </Filter>
    <Filter Include="リソース ファイル">
      <UniqueIdentifier>{67DA6AB6-F800-4c08-8B7A-83BB121AAD01}</UniqueIdentifier>
      <Extensions>rc;ico;cur;bmp;dlg;rc2;rct;bin;rgs;gif;jpg;jpeg;jpe;resx;tiff;tif;png;wav;mfcribbon-ms</Extensions>
    </Filter>
    <Filter Include="ゲームデータ">
      <UniqueIdentifier>{642480ca-3820-4287-9723-f5b5bb6fa6dc}</UniqueIdentifier>
    </Filter>
    <Filter Include="メニュー">
      <UniqueIdentifier>{f6c8f3a7-6a50-48d2-adf2-f90961fae760}</UniqueIdentifier>
    </Filter>
    <Filter Include="ウィンドウ">
      <UniqueIdentifier>{f00df496-a6c6-4198-98e1-4ecb4b9d2538}</UniqueIdentifier>
    </Filter>
    <Filter Include="フォント">
      <UniqueIdentifier>{1032e2df-9db4-4337-89ff-0cef9aa557ef}</UniqueIdentifier>
    </Filter>
    <Filter Include="エキスポート関数">
      <UniqueIdentifier>{be8debf3-b6a4-4e91-9f5a-79a8413b67fb}</UniqueIdentifier>
    </Filter>
    <Filter Include="モジュール定義">
      <UniqueIdentifier>{4FC737F1-C7A5-4376-A066-2A32D752A2FF}</UniqueIdentifier>
      <Extensions>cpp;c;cc;cxx;c++;cppm;ixx;def;odl;idl;hpj;bat;asm;asmx</Extensions>
    </Filter>
    <Filter Include="プロセス">
      <UniqueIdentifier>{dc77d025-0a59-4d9b-91bc-95ac69ef75bb}</UniqueIdentifier>
    </Filter>
    <Filter Include="フック関数">
      <UniqueIdentifier>{30d39105-c302-426f-87f9-2bcbf409c244}</UniqueIdentifier>
    </Filter>
    <Filter Include="Onゲームイベント">
      <UniqueIdentifier>{7abd5f9c-161f-49fd-afce-f52023ba6196}</UniqueIdentifier>
    </Filter>
    <Filter Include="武将列伝">
      <UniqueIdentifier>{26d234c1-7745-476e-804c-bcc90e96803a}</UniqueIdentifier>
    </Filter>
    <Filter Include="鬼車">
      <UniqueIdentifier>{a6c4e4cd-9f7c-4336-a124-7fb695acb7a6}</UniqueIdentifier>
    </Filter>
    <Filter Include="デバッグ出力">
      <UniqueIdentifier>{175f9136-5599-4f41-900f-481d285712c5}</UniqueIdentifier>
    </Filter>
    <Filter Include="アルベド">
      <UniqueIdentifier>{7dbde52b-bacc-490b-89f4-a905490284fd}</UniqueIdentifier>
    </Filter>
    <Filter Include="Onセリフ">
      <UniqueIdentifier>{dd8a8d80-5da4-4c3a-9c68-95230d130e84}</UniqueIdentifier>
    </Filter>
    <Filter Include="ゲームデータ - ユニット情報">
      <UniqueIdentifier>{e72dd034-3cee-40a6-a1c4-5af3e82e6caf}</UniqueIdentifier>
    </Filter>
    <Filter Include="ゲームデータ - 家宝情報">
      <UniqueIdentifier>{157e01f6-6fa5-454a-9442-feb4d103b37e}</UniqueIdentifier>
    </Filter>
    <Filter Include="ゲームデータ - 官位情報">
      <UniqueIdentifier>{564f0039-ef4e-4b6b-bb6f-9bd89bab5815}</UniqueIdentifier>
    </Filter>
    <Filter Include="ゲームデータ - 城情報">
      <UniqueIdentifier>{345bef39-d12a-432b-98ab-740c97896ebf}</UniqueIdentifier>
    </Filter>
    <Filter Include="ゲームデータ - 大名情報">
      <UniqueIdentifier>{7a65dbc0-14bb-418a-a29b-a085708bddb0}</UniqueIdentifier>
    </Filter>
    <Filter Include="ゲームデータ - 武将情報">
      <UniqueIdentifier>{dd171165-7264-4b15-85d5-ab380fe64b65}</UniqueIdentifier>
    </Filter>
    <Filter Include="ゲームデータ - 役職情報">
      <UniqueIdentifier>{64497a27-ab8f-4b4b-8c05-a8b521ac8829}</UniqueIdentifier>
    </Filter>
    <Filter Include="ゲームデータ - ターン情報">
      <UniqueIdentifier>{3f66e7c7-89f3-40c6-a8b3-075c5b8ea1e5}</UniqueIdentifier>
    </Filter>
  </ItemGroup>
  <ItemGroup>
    <ClInclude Include="resource.h">
      <Filter>ヘッダー ファイル</Filter>
    </ClInclude>
    <ClInclude Include="data_bushou_struct.h">
      <Filter>ゲームデータ - 武将情報</Filter>
    </ClInclude>
    <ClInclude Include="data_game_struct.h">
      <Filter>ゲームデータ</Filter>
    </ClInclude>
    <ClInclude Include="menu.h">
      <Filter>メニュー</Filter>
    </ClInclude>
    <ClInclude Include="window.h">
      <Filter>ウィンドウ</Filter>
    </ClInclude>
    <ClInclude Include="font.h">
      <Filter>フォント</Filter>
    </ClInclude>
    <ClInclude Include="process.h">
      <Filter>プロセス</Filter>
    </ClInclude>
    <ClInclude Include="hook_functions.h">
      <Filter>フック関数</Filter>
    </ClInclude>
    <ClInclude Include="on_event.h">
      <Filter>Onゲームイベント</Filter>
    </ClInclude>
    <ClInclude Include="bushou_retsuden.h">
      <Filter>武将列伝</Filter>
    </ClInclude>
    <ClInclude Include="..\oniguruma\oniguruma.h">
      <Filter>鬼車</Filter>
    </ClInclude>
    <ClInclude Include="onigwrap.h">
      <Filter>鬼車</Filter>
    </ClInclude>
    <ClInclude Include="output_debug_stream.h">
      <Filter>デバッグ出力</Filter>
    </ClInclude>
    <ClInclude Include="hook_textouta_custom.h">
      <Filter>フック関数</Filter>
    </ClInclude>
    <ClInclude Include="bushou_albedo.h">
      <Filter>アルベド</Filter>
    </ClInclude>
    <ClInclude Include="data_kahou_struct.h">
      <Filter>ゲームデータ - 家宝情報</Filter>
    </ClInclude>
    <ClInclude Include="on_serihu_message.h">
      <Filter>Onセリフ</Filter>
    </ClInclude>
    <ClInclude Include="data_kanni_struct.h">
      <Filter>ゲームデータ - 官位情報</Filter>
    </ClInclude>
    <ClInclude Include="data_yakusyoku_struct.h">
      <Filter>ゲームデータ - 役職情報</Filter>
    </ClInclude>
    <ClInclude Include="data_turn_struct.h">
      <Filter>ゲームデータ - ターン情報</Filter>
    </ClInclude>
    <ClInclude Include="data_castle_struct.h">
      <Filter>ゲームデータ - 城情報</Filter>
    </ClInclude>
    <ClInclude Include="data_game_daimyo.h">
      <Filter>ゲームデータ - 大名情報</Filter>
    </ClInclude>
    <ClInclude Include="data_unit_struct.h">
      <Filter>ゲームデータ - ユニット情報</Filter>
    </ClInclude>
  </ItemGroup>
  <ItemGroup>
    <ClCompile Include="data_game_struct.cpp">
      <Filter>ゲームデータ</Filter>
    </ClCompile>
    <ClCompile Include="menu.cpp">
      <Filter>メニュー</Filter>
    </ClCompile>
    <ClCompile Include="window.cpp">
      <Filter>ウィンドウ</Filter>
    </ClCompile>
    <ClCompile Include="font.cpp">
      <Filter>フォント</Filter>
    </ClCompile>
    <ClCompile Include="export_func.cpp">
      <Filter>エキスポート関数</Filter>
    </ClCompile>
    <ClCompile Include="process.cpp">
      <Filter>プロセス</Filter>
    </ClCompile>
    <ClCompile Include="hook_functions.cpp">
      <Filter>フック関数</Filter>
    </ClCompile>
    <ClCompile Include="hook_defwindowproca_custom.cpp">
      <Filter>フック関数</Filter>
    </ClCompile>
    <ClCompile Include="hook_textouta_custom.cpp">
      <Filter>フック関数</Filter>
    </ClCompile>
    <ClCompile Include="hook_createfonta_custom.cpp">
      <Filter>フック関数</Filter>
    </ClCompile>
    <ClCompile Include="hook_setmenu_custom.cpp">
      <Filter>フック関数</Filter>
    </ClCompile>
    <ClCompile Include="on_event.cpp">
      <Filter>Onゲームイベント</Filter>
    </ClCompile>
    <ClCompile Include="bushou_retsuden.cpp">
      <Filter>武将列伝</Filter>
    </ClCompile>
    <ClCompile Include="hook_releasedc_custom.cpp">
      <Filter>フック関数</Filter>
    </ClCompile>
    <ClCompile Include="onigwrap.cpp">
      <Filter>鬼車</Filter>
    </ClCompile>
    <ClCompile Include="output_debug_stream.cpp">
      <Filter>デバッグ出力</Filter>
    </ClCompile>
    <ClCompile Include="hook_enablemenuitem_custom.cpp">
      <Filter>フック関数</Filter>
    </ClCompile>
    <ClCompile Include="bushou_albedo.cpp">
      <Filter>アルベド</Filter>
    </ClCompile>
    <ClCompile Include="data_castle_struct.cpp">
      <Filter>ゲームデータ - 城情報</Filter>
    </ClCompile>
    <ClCompile Include="data_kahou_struct.cpp">
      <Filter>ゲームデータ - 家宝情報</Filter>
    </ClCompile>
    <ClCompile Include="on_serihu_message.cpp">
      <Filter>Onセリフ</Filter>
    </ClCompile>
    <ClCompile Include="data_bushou_struct.cpp">
      <Filter>ゲームデータ - 武将情報</Filter>
    </ClCompile>
    <ClCompile Include="hook_bitblt_custom.cpp">
      <Filter>フック関数</Filter>
    </ClCompile>
    <ClCompile Include="hook_createdibitmap_custom.cpp">
      <Filter>フック関数</Filter>
    </ClCompile>
    <ClCompile Include="hook_createcompatibledc_custom.cpp">
      <Filter>フック関数</Filter>
    </ClCompile>
    <ClCompile Include="hook_getdibits_custom.cpp">
      <Filter>フック関数</Filter>
    </ClCompile>
    <ClCompile Include="data_kanni_struct.cpp">
      <Filter>ゲームデータ - 官位情報</Filter>
    </ClCompile>
    <ClCompile Include="data_yakusyoku_struct.cpp">
      <Filter>ゲームデータ - 役職情報</Filter>
    </ClCompile>
    <ClCompile Include="data_unit_struct.cpp">
      <Filter>ゲームデータ - ユニット情報</Filter>
    </ClCompile>
    <ClCompile Include="hook_isdebuggerpresent_custom.cpp">
      <Filter>フック関数</Filter>
    </ClCompile>
  </ItemGroup>
  <ItemGroup>
    <ResourceCompile Include="app.rc">
      <Filter>リソース ファイル</Filter>
    </ResourceCompile>
  </ItemGroup>
  <ItemGroup>
    <None Include="dllmain.def">
      <Filter>モジュール定義</Filter>
    </None>
  </ItemGroup>
  <ItemGroup>
    <Library Include="oniguruma.lib">
      <Filter>鬼車</Filter>
    </Library>
  </ItemGroup>
</Project>